
Microsoft Visual Studio Solution File, Format Version 12.00
# Visual Studio Version 17
VisualStudioVersion = 17.4.33103.184
MinimumVisualStudioVersion = 10.0.40219.1
Project("{FAE04EC0-301F-11D3-BF4B-00C04F79EFBC}") = "SystemOrder", "SystemOrder\SystemOrder.csproj", "{BD1C68B0-B6FA-4BCA-8432-44290EBE75CC}"
EndProject
Global
	GlobalSection(SolutionConfigurationPlatforms) = preSolution
		Debug|Any CPU = Debug|Any CPU
		Release|Any CPU = Release|Any CPU
	EndGlobalSection
	GlobalSection(ProjectConfigurationPlatforms) = postSolution
		{BD1C68B0-B6FA-4BCA-8432-44290EBE75CC}.Debug|Any CPU.ActiveCfg = Debug|Any CPU
		{BD1C68B0-B6FA-4BCA-8432-44290EBE75CC}.Debug|Any CPU.Build.0 = Debug|Any CPU
		{BD1C68B0-B6FA-4BCA-8432-44290EBE75CC}.Release|Any CPU.ActiveCfg = Release|Any CPU
		{BD1C68B0-B6FA-4BCA-8432-44290EBE75CC}.Release|Any CPU.Build.0 = Release|Any CPU
	EndGlobalSection
	GlobalSection(SolutionProperties) = preSolution
		HideSolutionNode = FALSE
	EndGlobalSection
	GlobalSection(ExtensibilityGlobals) = postSolution
		SolutionGuid = {68F54398-2B7C-4EBB-A6C5-55F3263F0084}
	EndGlobalSection
EndGlobal
